
Microsoft Visual Studio Solution File, Format Version 12.00
# Visual Studio Version 16
VisualStudioVersion = 16.0.29806.167
MinimumVisualStudioVersion = 10.0.40219.1
Project("{8BC9CEB8-8B4A-11D0-8D11-00A0C91BC942}") = "Horo", "Horo\Horo.vcxproj", "{7AFB92DA-DA9F-4AEA-8FA6-F2D6E89198AC}"
EndProject
Project("{8BC9CEB8-8B4A-11D0-8D11-00A0C91BC942}") = "UnitTests", "UnitTests\UnitTests.vcxproj", "{F111E7B8-58E8-4697-A78F-DB7BA7AA3292}"
EndProject
Global
	GlobalSection(SolutionConfigurationPlatforms) = preSolution
		Debug|x64 = Debug|x64
		Debug|x86 = Debug|x86
		Release|x64 = Release|x64
		Release|x86 = Release|x86
	EndGlobalSection
	GlobalSection(ProjectConfigurationPlatforms) = postSolution
		{7AFB92DA-DA9F-4AEA-8FA6-F2D6E89198AC}.Debug|x64.ActiveCfg = Debug|x64
		{7AFB92DA-DA9F-4AEA-8FA6-F2D6E89198AC}.Debug|x64.Build.0 = Debug|x64
		{7AFB92DA-DA9F-4AEA-8FA6-F2D6E89198AC}.Debug|x86.ActiveCfg = Debug|Win32
		{7AFB92DA-DA9F-4AEA-8FA6-F2D6E89198AC}.Debug|x86.Build.0 = Debug|Win32
		{7AFB92DA-DA9F-4AEA-8FA6-F2D6E89198AC}.Release|x64.ActiveCfg = Release|x64
		{7AFB92DA-DA9F-4AEA-8FA6-F2D6E89198AC}.Release|x64.Build.0 = Release|x64
		{7AFB92DA-DA9F-4AEA-8FA6-F2D6E89198AC}.Release|x86.ActiveCfg = Release|Win32
		{7AFB92DA-DA9F-4AEA-8FA6-F2D6E89198AC}.Release|x86.Build.0 = Release|Win32
		{F111E7B8-58E8-4697-A78F-DB7BA7AA3292}.Debug|x64.ActiveCfg = Debug|x64
		{F111E7B8-58E8-4697-A78F-DB7BA7AA3292}.Debug|x64.Build.0 = Debug|x64
		{F111E7B8-58E8-4697-A78F-DB7BA7AA3292}.Debug|x86.ActiveCfg = Debug|Win32
		{F111E7B8-58E8-4697-A78F-DB7BA7AA3292}.Debug|x86.Build.0 = Debug|Win32
		{F111E7B8-58E8-4697-A78F-DB7BA7AA3292}.Release|x64.ActiveCfg = Release|x64
		{F111E7B8-58E8-4697-A78F-DB7BA7AA3292}.Release|x64.Build.0 = Release|x64
		{F111E7B8-58E8-4697-A78F-DB7BA7AA3292}.Release|x86.ActiveCfg = Release|Win32
		{F111E7B8-58E8-4697-A78F-DB7BA7AA3292}.Release|x86.Build.0 = Release|Win32
	EndGlobalSection
	GlobalSection(SolutionProperties) = preSolution
		HideSolutionNode = FALSE
	EndGlobalSection
	GlobalSection(ExtensibilityGlobals) = postSolution
		SolutionGuid = {663D1C47-B6BA-44BB-B9A9-8AF29F611379}
	EndGlobalSection
EndGlobal
